
Microsoft Visual Studio Solution File, Format Version 12.00
# Visual Studio 15
VisualStudioVersion = 15.0.27130.2010
MinimumVisualStudioVersion = 10.0.40219.1
Project("{8BC9CEB8-8B4A-11D0-8D11-00A0C91BC942}") = "Interface", "Interface\Interface_Linux.vcxproj", "{FB9E8C05-6F5A-41D8-BD77-22FEF8A7AA34}"
EndProject
Project("{8BC9CEB8-8B4A-11D0-8D11-00A0C91BC942}") = "TestApp", "TestApp\TestApp_Linux.vcxproj", "{14ECED0C-0096-402F-97FE-7CC67E6EFB2B}"
	ProjectSection(ProjectDependencies) = postProject
		{FB9E8C05-6F5A-41D8-BD77-22FEF8A7AA34} = {FB9E8C05-6F5A-41D8-BD77-22FEF8A7AA34}
	EndProjectSection
EndProject
Global
	GlobalSection(SolutionConfigurationPlatforms) = preSolution
		Release|x64 = Release|x64
	EndGlobalSection
	GlobalSection(ProjectConfigurationPlatforms) = postSolution
		{FB9E8C05-6F5A-41D8-BD77-22FEF8A7AA34}.Release|x64.ActiveCfg = Release|x64
		{FB9E8C05-6F5A-41D8-BD77-22FEF8A7AA34}.Release|x64.Build.0 = Release|x64
		{14ECED0C-0096-402F-97FE-7CC67E6EFB2B}.Release|x64.ActiveCfg = Release|x64
		{14ECED0C-0096-402F-97FE-7CC67E6EFB2B}.Release|x64.Build.0 = Release|x64
	EndGlobalSection
	GlobalSection(SolutionProperties) = preSolution
		HideSolutionNode = FALSE
	EndGlobalSection
	GlobalSection(ExtensibilityGlobals) = postSolution
		SolutionGuid = {E53382A7-77F0-406F-BE46-F22A65C33339}
	EndGlobalSection
EndGlobal
