
Microsoft Visual Studio Solution File, Format Version 12.00
# Visual Studio 17
VisualStudioVersion = 17.4.2
MinimumVisualStudioVersion = 10.0.40219.1
Project("{8BC9CEB8-8B4A-11D0-8D11-00A0C91BC942}") = "TestApp", "TestApp\TestApp_2017.vcxproj", "{20BAD255-5153-458C-8D28-1C1C1A65530B}"
	ProjectSection(ProjectDependencies) = postProject
		{DC41EB9C-0664-47EB-B725-0F1F5EDE7949} = {DC41EB9C-0664-47EB-B725-0F1F5EDE7949}
	EndProjectSection
EndProject
Project("{2150E333-8FDC-42A3-9474-1A3956D46DE8}") = "Solution Items", "Solution Items", "{F7CA77BD-917E-442F-A8CD-81C10BA4C475}"
EndProject
Project("{8BC9CEB8-8B4A-11D0-8D11-00A0C91BC942}") = "Interface", "Interface\Interface_2017.vcxproj", "{DC41EB9C-0664-47EB-B725-0F1F5EDE7949}"
EndProject
Project("{FAE04EC0-301F-11D3-BF4B-00C04F79EFBC}") = "NET_TestApp_2017", "NET_TestApp\NET_TestApp_2017.csproj", "{E3B46D35-D711-43F1-8845-0F1EE5F6524D}"
EndProject
Global
	GlobalSection(SolutionConfigurationPlatforms) = preSolution
		Release|x64 = Release|x64
		Release|x86 = Release|x86
	EndGlobalSection
	GlobalSection(ProjectConfigurationPlatforms) = postSolution
		{20BAD255-5153-458C-8D28-1C1C1A65530B}.Release|x64.ActiveCfg = Release|x64
		{20BAD255-5153-458C-8D28-1C1C1A65530B}.Release|x64.Build.0 = Release|x64
		{20BAD255-5153-458C-8D28-1C1C1A65530B}.Release|x86.ActiveCfg = Release|Win32
		{20BAD255-5153-458C-8D28-1C1C1A65530B}.Release|x86.Build.0 = Release|Win32
		{DC41EB9C-0664-47EB-B725-0F1F5EDE7949}.Release|x64.ActiveCfg = Release|x64
		{DC41EB9C-0664-47EB-B725-0F1F5EDE7949}.Release|x64.Build.0 = Release|x64
		{DC41EB9C-0664-47EB-B725-0F1F5EDE7949}.Release|x86.ActiveCfg = Release|Win32
		{DC41EB9C-0664-47EB-B725-0F1F5EDE7949}.Release|x86.Build.0 = Release|Win32
		{E3B46D35-D711-43F1-8845-0F1EE5F6524D}.Release|x64.ActiveCfg = Release|x64
		{E3B46D35-D711-43F1-8845-0F1EE5F6524D}.Release|x64.Build.0 = Release|x64
		{E3B46D35-D711-43F1-8845-0F1EE5F6524D}.Release|x86.ActiveCfg = Release|x86
		{E3B46D35-D711-43F1-8845-0F1EE5F6524D}.Release|x86.Build.0 = Release|x86
	EndGlobalSection
	GlobalSection(SolutionProperties) = preSolution
		HideSolutionNode = FALSE
	EndGlobalSection
	GlobalSection(ExtensibilityGlobals) = postSolution
		SolutionGuid = {3B89DDB7-B41B-4406-B21D-E976AF89CC7F}
	EndGlobalSection
EndGlobal
