<?xml version="1.0" encoding="utf-8"?>
<Project ToolsVersion="4.0" xmlns="http://schemas.microsoft.com/developer/msbuild/2003">
  <ItemGroup>
    <Filter Include="Helpers">
      <UniqueIdentifier>{ffc917eb-2bff-492b-8f71-d0781130bf6a}</UniqueIdentifier>
    </Filter>
    <Filter Include="Common">
      <UniqueIdentifier>{68850a8d-e45c-4f98-9706-146829cd1b1c}</UniqueIdentifier>
    </Filter>
  </ItemGroup>
  <ItemGroup>
    <ClCompile Include="Application.cpp" />
    <ClCompile Include="TestApp.cpp" />
    <ClCompile Include="Application_Handlers.cpp" />
    <ClCompile Include="Application_EventSinks.cpp" />
    <ClCompile Include="Application_UI.cpp" />
    <ClCompile Include="Common\Debug.cpp">
      <Filter>Common</Filter>
    </ClCompile>
    <ClCompile Include="Common\Lock.cpp">
      <Filter>Common</Filter>
    </ClCompile>
    <ClCompile Include="Common\Component.cpp">
      <Filter>Common</Filter>
    </ClCompile>
    <ClCompile Include="Common\Platform.cpp">
      <Filter>Common</Filter>
    </ClCompile>
    <ClCompile Include="Common\Exception.cpp">
      <Filter>Common</Filter>
    </ClCompile>
    <ClCompile Include="Common\Thread.cpp">
      <Filter>Common</Filter>
    </ClCompile>
    <ClCompile Include="Common\Tokenizer.cpp">
      <Filter>Common</Filter>
    </ClCompile>
    <ClCompile Include="Common\ParamParser.cpp">
      <Filter>Common</Filter>
    </ClCompile>
    <ClCompile Include="Common\StringComparer.cpp">
      <Filter>Common</Filter>
    </ClCompile>
    <ClCompile Include="Common\TextString.cpp">
      <Filter>Common</Filter>
    </ClCompile>
    <ClCompile Include="Common\HexHelper.cpp">
      <Filter>Common</Filter>
    </ClCompile>
    <ClCompile Include="Common\UInt16Map.cpp">
      <Filter>Common</Filter>
    </ClCompile>
    <ClCompile Include="Common\EndianHelper.cpp">
      <Filter>Common</Filter>
    </ClCompile>
    <ClCompile Include="Helpers\Account.cpp">
      <Filter>Helpers</Filter>
    </ClCompile>
    <ClCompile Include="Helpers\AddressInfo.cpp">
      <Filter>Helpers</Filter>
    </ClCompile>
    <ClCompile Include="Helpers\DataStore.cpp">
      <Filter>Helpers</Filter>
    </ClCompile>
    <ClCompile Include="Helpers\LinuxIO.cpp">
      <Filter>Helpers</Filter>
    </ClCompile>
    <ClCompile Include="Helpers\SessionData.cpp">
      <Filter>Helpers</Filter>
    </ClCompile>
    <ClCompile Include="Helpers\SessionKey.cpp">
      <Filter>Helpers</Filter>
    </ClCompile>
    <ClCompile Include="Helpers\Socket.cpp">
      <Filter>Helpers</Filter>
    </ClCompile>
    <ClCompile Include="Helpers\TCPClient.cpp">
      <Filter>Helpers</Filter>
    </ClCompile>
    <ClCompile Include="Helpers\TCPProxy.cpp">
      <Filter>Helpers</Filter>
    </ClCompile>
    <ClCompile Include="Helpers\TCPServer.cpp">
      <Filter>Helpers</Filter>
    </ClCompile>
    <ClCompile Include="Helpers\TcpUdpBase.cpp">
      <Filter>Helpers</Filter>
    </ClCompile>
    <ClCompile Include="Helpers\UDPPoint.cpp">
      <Filter>Helpers</Filter>
    </ClCompile>
    <ClCompile Include="Common\UtfConverter.cpp">
      <Filter>Common</Filter>
    </ClCompile>
  </ItemGroup>
  <ItemGroup>
    <ClInclude Include="Application.h" />
    <ClInclude Include="Common\Debug.hpp">
      <Filter>Common</Filter>
    </ClInclude>
    <ClInclude Include="Common\Lock.hpp">
      <Filter>Common</Filter>
    </ClInclude>
    <ClInclude Include="Common\TComPtr.hpp">
      <Filter>Common</Filter>
    </ClInclude>
    <ClInclude Include="Common\Component.hpp">
      <Filter>Common</Filter>
    </ClInclude>
    <ClInclude Include="Common\Platform.hpp">
      <Filter>Common</Filter>
    </ClInclude>
    <ClInclude Include="Common\Exception.hpp">
      <Filter>Common</Filter>
    </ClInclude>
    <ClInclude Include="Common\Thread.hpp">
      <Filter>Common</Filter>
    </ClInclude>
    <ClInclude Include="Common\TDictionary.hpp">
      <Filter>Common</Filter>
    </ClInclude>
    <ClInclude Include="Common\TKeyValue.hpp">
      <Filter>Common</Filter>
    </ClInclude>
    <ClInclude Include="Common\TList.hpp">
      <Filter>Common</Filter>
    </ClInclude>
    <ClInclude Include="Common\TComparer.hpp">
      <Filter>Common</Filter>
    </ClInclude>
    <ClInclude Include="Common\TTypeHelp.hpp">
      <Filter>Common</Filter>
    </ClInclude>
    <ClInclude Include="Common\Tokenizer.hpp">
      <Filter>Common</Filter>
    </ClInclude>
    <ClInclude Include="Common\ParamParser.hpp">
      <Filter>Common</Filter>
    </ClInclude>
    <ClInclude Include="Common\StringComparer.hpp">
      <Filter>Common</Filter>
    </ClInclude>
    <ClInclude Include="Common\TextString.hpp">
      <Filter>Common</Filter>
    </ClInclude>
    <ClInclude Include="Common\HexHelper.hpp">
      <Filter>Common</Filter>
    </ClInclude>
    <ClInclude Include="Common\UInt16Map.hpp">
      <Filter>Common</Filter>
    </ClInclude>
    <ClInclude Include="Common\EndianHelper.hpp">
      <Filter>Common</Filter>
    </ClInclude>
    <ClInclude Include="Helpers\Account.h">
      <Filter>Helpers</Filter>
    </ClInclude>
    <ClInclude Include="Helpers\AddressInfo.h">
      <Filter>Helpers</Filter>
    </ClInclude>
    <ClInclude Include="Helpers\DataStore.h">
      <Filter>Helpers</Filter>
    </ClInclude>
    <ClInclude Include="Helpers\IEventHandler.hpp">
      <Filter>Helpers</Filter>
    </ClInclude>
    <ClInclude Include="Helpers\LinuxIO.h">
      <Filter>Helpers</Filter>
    </ClInclude>
    <ClInclude Include="Helpers\SessionData.h">
      <Filter>Helpers</Filter>
    </ClInclude>
    <ClInclude Include="Helpers\SessionKey.h">
      <Filter>Helpers</Filter>
    </ClInclude>
    <ClInclude Include="Helpers\Socket.h">
      <Filter>Helpers</Filter>
    </ClInclude>
    <ClInclude Include="Helpers\SocketEventArgs.h">
      <Filter>Helpers</Filter>
    </ClInclude>
    <ClInclude Include="Helpers\TCPClient.h">
      <Filter>Helpers</Filter>
    </ClInclude>
    <ClInclude Include="Helpers\TCPProxy.h">
      <Filter>Helpers</Filter>
    </ClInclude>
    <ClInclude Include="Helpers\TCPServer.h">
      <Filter>Helpers</Filter>
    </ClInclude>
    <ClInclude Include="Helpers\TcpUdpBase.h">
      <Filter>Helpers</Filter>
    </ClInclude>
    <ClInclude Include="Helpers\TEvent.hpp">
      <Filter>Helpers</Filter>
    </ClInclude>
    <ClInclude Include="Helpers\TEventHandler.hpp">
      <Filter>Helpers</Filter>
    </ClInclude>
    <ClInclude Include="Helpers\TProperty.hpp">
      <Filter>Helpers</Filter>
    </ClInclude>
    <ClInclude Include="Helpers\UDPPoint.h">
      <Filter>Helpers</Filter>
    </ClInclude>
    <ClInclude Include="Application_UI.h" />
    <ClInclude Include="Common\UtfConverter.hpp">
      <Filter>Common</Filter>
    </ClInclude>
    <ClInclude Include="Common\TMemPtr.hpp">
      <Filter>Common</Filter>
    </ClInclude>
    <ClInclude Include="Common\TArray.hpp">
      <Filter>Common</Filter>
    </ClInclude>
  </ItemGroup>
</Project>